
Microsoft Visual Studio Solution File, Format Version 12.00
# Visual Studio Version 17
VisualStudioVersion = 17.12.35527.113
MinimumVisualStudioVersion = 10.0.40219.1
Project("{FAE04EC0-301F-11D3-BF4B-00C04F79EFBC}") = "zd3_RogovAndr", "zd3_RogovAndr\zd3_RogovAndr.csproj", "{F5BD66EF-87FE-4C45-ADE4-21184D50F2B1}"
EndProject
Project("{FAE04EC0-301F-11D3-BF4B-00C04F79EFBC}") = "ComputersTests", "ComputersTests\ComputersTests.csproj", "{DA0871DD-B6D5-40F8-AF75-95DD90EDF0D1}"
EndProject
Global
	GlobalSection(SolutionConfigurationPlatforms) = preSolution
		Debug|Any CPU = Debug|Any CPU
		Release|Any CPU = Release|Any CPU
	EndGlobalSection
	GlobalSection(ProjectConfigurationPlatforms) = postSolution
		{F5BD66EF-87FE-4C45-ADE4-21184D50F2B1}.Debug|Any CPU.ActiveCfg = Debug|Any CPU
		{F5BD66EF-87FE-4C45-ADE4-21184D50F2B1}.Debug|Any CPU.Build.0 = Debug|Any CPU
		{F5BD66EF-87FE-4C45-ADE4-21184D50F2B1}.Release|Any CPU.ActiveCfg = Release|Any CPU
		{F5BD66EF-87FE-4C45-ADE4-21184D50F2B1}.Release|Any CPU.Build.0 = Release|Any CPU
		{DA0871DD-B6D5-40F8-AF75-95DD90EDF0D1}.Debug|Any CPU.ActiveCfg = Debug|Any CPU
		{DA0871DD-B6D5-40F8-AF75-95DD90EDF0D1}.Debug|Any CPU.Build.0 = Debug|Any CPU
		{DA0871DD-B6D5-40F8-AF75-95DD90EDF0D1}.Release|Any CPU.ActiveCfg = Release|Any CPU
		{DA0871DD-B6D5-40F8-AF75-95DD90EDF0D1}.Release|Any CPU.Build.0 = Release|Any CPU
	EndGlobalSection
	GlobalSection(SolutionProperties) = preSolution
		HideSolutionNode = FALSE
	EndGlobalSection
EndGlobal
